{
  "name": "@suresure/react-native-components",
  "version": "1.0.0",
  "lockfileVersion": 1,
  "requires": true,
  "dependencies": {
    "date-and-time": {
      "version": "0.9.0",
      "resolved": "https://registry.npmjs.org/date-and-time/-/date-and-time-0.9.0.tgz",
      "integrity": "sha512-4JybB6PbR+EebpFx/KyR5Ybl+TcdXMLIJkyYsCx3P4M4CWGMuDyFF19yh6TyasMAIF5lrsgIxiSHBXh2FFc7Fg=="
    },
    "react-native-masked-text": {
      "version": "1.13.0",
      "resolved": "https://registry.npmjs.org/react-native-masked-text/-/react-native-masked-text-1.13.0.tgz",
      "integrity": "sha512-iMku5Ky6DP4fTRosjsYNJOhH8yoBQCzRALBdv1wVDKmCBQhhVE8RHr5EW4SNUjkYTZL473sDdEKl4NI948q9FQ==",
      "requires": {
        "date-and-time": "0.9.0",
        "tinymask": "1.0.2"
      }
    },
    "tinymask": {
      "version": "1.0.2",
      "resolved": "https://registry.npmjs.org/tinymask/-/tinymask-1.0.2.tgz",
      "integrity": "sha1-3zd1qUCHsNPQVsJW6JI8AbfsCUE="
    }
  }
}
