# THIS IS AN AUTOGENERATED FILE. DO NOT EDIT THIS FILE DIRECTLY.
# yarn lockfile v1


"@react-navigation/core@^5.15.1":
  version "5.15.1"
  resolved "https://registry.yarnpkg.com/@react-navigation/core/-/core-5.15.1.tgz#dab5192277c606d9acbea511dac407c2834b5fbe"
  integrity sha512-GDCpIVQd0NgHYCSdUMY69hrpeWKuYgj5SIRqHI2sYh9OguwGcV52ZZOafc+pQuyfuiLLIMidw34jiqb47QrlhA==
  dependencies:
    "@react-navigation/routers" "^5.7.1"
    escape-string-regexp "^4.0.0"
    nanoid "^3.1.15"
    query-string "^6.13.6"
    react-is "^16.13.0"

"@react-navigation/native@^5.9.1":
  version "5.9.1"
  resolved "https://registry.yarnpkg.com/@react-navigation/native/-/native-5.9.1.tgz#028d1ae8143ea198152c30f2dbc5e6b8481b7610"
  integrity sha512-D84+W+t/0SdCh4rK3zmO9TzemoVdultBTeqA5WnegjeTrYoEfjqmOuYs75eeC72EeTBJ5HVdOXQOYzO7Wp13kA==
  dependencies:
    "@react-navigation/core" "^5.15.1"
    escape-string-regexp "^4.0.0"
    nanoid "^3.1.15"

"@react-navigation/routers@^5.7.1":
  version "5.7.1"
  resolved "https://registry.yarnpkg.com/@react-navigation/routers/-/routers-5.7.1.tgz#ba56cabdaabc521ef29c26529e868590949429b1"
  integrity sha512-M5R4AFgJZ0uBUV+DjMyNy2HXRfvo0ldM+59Gj1NQWXaYnst3m0xJTfWiln94mnrbrHEq087gMP4ZLHGIJ8D1Ig==
  dependencies:
    nanoid "^3.1.15"

"@types/prop-types@*":
  version "15.7.3"
  resolved "https://registry.yarnpkg.com/@types/prop-types/-/prop-types-15.7.3.tgz#2ab0d5da2e5815f94b0b9d4b95d1e5f243ab2ca7"
  integrity sha512-KfRL3PuHmqQLOG+2tGpRO26Ctg+Cq1E01D2DMriKEATHgWLfeNDmq9e29Q9WIky0dQ3NPkd1mzYH8Lm936Z9qw==

"@types/react-native@^0.63.46":
  version "0.63.46"
  resolved "https://registry.yarnpkg.com/@types/react-native/-/react-native-0.63.46.tgz#942df5af29046c6f22227495e00d5297cc1cea73"
  integrity sha512-SnBnWRErpISIaWk4K8kAfIKqSPdZ8fdH6HIw7kVdz6jMl/5FAf6iXeIwRfVZg1bCMh+ymNPCpSENNNEVprxj/w==
  dependencies:
    "@types/react" "*"

"@types/react@*", "@types/react@^17.0.0":
  version "17.0.0"
  resolved "https://registry.yarnpkg.com/@types/react/-/react-17.0.0.tgz#5af3eb7fad2807092f0046a1302b7823e27919b8"
  integrity sha512-aj/L7RIMsRlWML3YB6KZiXB3fV2t41+5RBGYF8z+tAKU43Px8C3cYUZsDvf1/+Bm4FK21QWBrDutu8ZJ/70qOw==
  dependencies:
    "@types/prop-types" "*"
    csstype "^3.0.2"

csstype@^3.0.2:
  version "3.0.6"
  resolved "https://registry.yarnpkg.com/csstype/-/csstype-3.0.6.tgz#865d0b5833d7d8d40f4e5b8a6d76aea3de4725ef"
  integrity sha512-+ZAmfyWMT7TiIlzdqJgjMb7S4f1beorDbWbsocyK4RaiqA5RTX3K14bnBWmmA9QEM0gRdsjyyrEmcyga8Zsxmw==

date-and-time@0.9.0:
  version "0.9.0"
  resolved "https://registry.yarnpkg.com/date-and-time/-/date-and-time-0.9.0.tgz#1524579e56dc07675c640b41735a7665c0659240"
  integrity sha512-4JybB6PbR+EebpFx/KyR5Ybl+TcdXMLIJkyYsCx3P4M4CWGMuDyFF19yh6TyasMAIF5lrsgIxiSHBXh2FFc7Fg==

decode-uri-component@^0.2.0:
  version "0.2.0"
  resolved "https://registry.yarnpkg.com/decode-uri-component/-/decode-uri-component-0.2.0.tgz#eb3913333458775cb84cd1a1fae062106bb87545"
  integrity sha1-6zkTMzRYd1y4TNGh+uBiEGu4dUU=

escape-string-regexp@^4.0.0:
  version "4.0.0"
  resolved "https://registry.yarnpkg.com/escape-string-regexp/-/escape-string-regexp-4.0.0.tgz#14ba83a5d373e3d311e5afca29cf5bfad965bf34"
  integrity sha512-TtpcNJ3XAzx3Gq8sWRzJaVajRs0uVxA2YAkdb1jm2YkPz4G6egUFAyA3n5vtEIZefPk5Wa4UXbKuS5fKkJWdgA==

nanoid@^3.1.15:
  version "3.1.20"
  resolved "https://registry.yarnpkg.com/nanoid/-/nanoid-3.1.20.tgz#badc263c6b1dcf14b71efaa85f6ab4c1d6cfc788"
  integrity sha512-a1cQNyczgKbLX9jwbS/+d7W8fX/RfgYR7lVWwWOGIPNgK2m0MWvrGF6/m4kk6U3QcFMnZf3RIhL0v2Jgh/0Uxw==

query-string@^6.13.6:
  version "6.13.8"
  resolved "https://registry.yarnpkg.com/query-string/-/query-string-6.13.8.tgz#8cf231759c85484da3cf05a851810d8e825c1159"
  integrity sha512-jxJzQI2edQPE/NPUOusNjO/ZOGqr1o2OBa/3M00fU76FsLXDVbJDv/p7ng5OdQyorKrkRz1oqfwmbe5MAMePQg==
  dependencies:
    decode-uri-component "^0.2.0"
    split-on-first "^1.0.0"
    strict-uri-encode "^2.0.0"

react-is@^16.13.0:
  version "16.13.1"
  resolved "https://registry.yarnpkg.com/react-is/-/react-is-16.13.1.tgz#789729a4dc36de2999dc156dd6c1d9c18cea56a4"
  integrity sha512-24e6ynE2H+OKt4kqsOvNd8kBpV65zoxbA4BVsEOB3ARVWQki/DHzaUoC5KuON/BiccDaCCTZBuOcfZs70kR8bQ==

react-native-masked-text@^1.13.0:
  version "1.13.0"
  resolved "https://registry.yarnpkg.com/react-native-masked-text/-/react-native-masked-text-1.13.0.tgz#533fde8c45ccbaa1d6b0df30bf19b84b4ace3de3"
  integrity sha512-iMku5Ky6DP4fTRosjsYNJOhH8yoBQCzRALBdv1wVDKmCBQhhVE8RHr5EW4SNUjkYTZL473sDdEKl4NI948q9FQ==
  dependencies:
    date-and-time "0.9.0"
    tinymask "1.0.2"

split-on-first@^1.0.0:
  version "1.1.0"
  resolved "https://registry.yarnpkg.com/split-on-first/-/split-on-first-1.1.0.tgz#f610afeee3b12bce1d0c30425e76398b78249a5f"
  integrity sha512-43ZssAJaMusuKWL8sKUBQXHWOpq8d6CfN/u1p4gUzfJkM05C8rxTmYrkIPTXapZpORA6LkkzcUulJ8FqA7Uudw==

strict-uri-encode@^2.0.0:
  version "2.0.0"
  resolved "https://registry.yarnpkg.com/strict-uri-encode/-/strict-uri-encode-2.0.0.tgz#b9c7330c7042862f6b142dc274bbcc5866ce3546"
  integrity sha1-ucczDHBChi9rFC3CdLvMWGbONUY=

tinymask@1.0.2:
  version "1.0.2"
  resolved "https://registry.yarnpkg.com/tinymask/-/tinymask-1.0.2.tgz#df3775a94087b0d3d056c256e8923c01b7ec0941"
  integrity sha1-3zd1qUCHsNPQVsJW6JI8AbfsCUE=
